
Microsoft Visual Studio Solution File, Format Version 12.00
# Visual Studio Version 16
VisualStudioVersion = 16.0.31005.135
MinimumVisualStudioVersion = 10.0.40219.1
Project("{FAE04EC0-301F-11D3-BF4B-00C04F79EFBC}") = "XADREZ_CONSOLE", "XADREZ_CONSOLE\XADREZ_CONSOLE.csproj", "{5C602B55-C185-466A-8789-D0912AB9E8DC}"
EndProject
Global
	GlobalSection(SolutionConfigurationPlatforms) = preSolution
		Debug|Any CPU = Debug|Any CPU
		Release|Any CPU = Release|Any CPU
	EndGlobalSection
	GlobalSection(ProjectConfigurationPlatforms) = postSolution
		{5C602B55-C185-466A-8789-D0912AB9E8DC}.Debug|Any CPU.ActiveCfg = Debug|Any CPU
		{5C602B55-C185-466A-8789-D0912AB9E8DC}.Debug|Any CPU.Build.0 = Debug|Any CPU
		{5C602B55-C185-466A-8789-D0912AB9E8DC}.Release|Any CPU.ActiveCfg = Release|Any CPU
		{5C602B55-C185-466A-8789-D0912AB9E8DC}.Release|Any CPU.Build.0 = Release|Any CPU
	EndGlobalSection
	GlobalSection(SolutionProperties) = preSolution
		HideSolutionNode = FALSE
	EndGlobalSection
	GlobalSection(ExtensibilityGlobals) = postSolution
		SolutionGuid = {E5CB8419-DEF3-4C02-B47C-97DFE72B9596}
	EndGlobalSection
EndGlobal
